
Microsoft Visual Studio Solution File, Format Version 12.00
# Visual Studio Version 16
VisualStudioVersion = 16.0.31112.23
MinimumVisualStudioVersion = 10.0.40219.1
Project("{888888A0-9F3D-457C-B088-3A5042F75D52}") = "sport", "sport.pyproj", "{51A4E9EE-AD0F-4648-A08F-2FAFA81F42A2}"
EndProject
Global
	GlobalSection(SolutionConfigurationPlatforms) = preSolution
		Debug|Any CPU = Debug|Any CPU
		Release|Any CPU = Release|Any CPU
	EndGlobalSection
	GlobalSection(ProjectConfigurationPlatforms) = postSolution
		{51A4E9EE-AD0F-4648-A08F-2FAFA81F42A2}.Debug|Any CPU.ActiveCfg = Debug|Any CPU
		{51A4E9EE-AD0F-4648-A08F-2FAFA81F42A2}.Release|Any CPU.ActiveCfg = Release|Any CPU
	EndGlobalSection
	GlobalSection(SolutionProperties) = preSolution
		HideSolutionNode = FALSE
	EndGlobalSection
	GlobalSection(ExtensibilityGlobals) = postSolution
		SolutionGuid = {41FFBC64-2719-4791-905E-4CFD80229FDB}
	EndGlobalSection
EndGlobal
